// !$*UTF8*$!
{
	archiveVersion = 1;
	classes = {
	};
	objectVersion = 55;
	objects = {

/* Begin PBXBuildFile section */
		E71E564C2871CB640051F9DB /* WeatherRow.swift in Sources */ = {isa = PBXBuildFile; fileRef = E71E564B2871CB640051F9DB /* WeatherRow.swift */; };
		E72EDDB828719184000250C6 /* WeatherAppApp.swift in Sources */ = {isa = PBXBuildFile; fileRef = E72EDDB728719184000250C6 /* WeatherAppApp.swift */; };
		E72EDDBA28719184000250C6 /* ContentView.swift in Sources */ = {isa = PBXBuildFile; fileRef = E72EDDB928719184000250C6 /* ContentView.swift */; };
		E72EDDBC2871918A000250C6 /* Assets.xcassets in Resources */ = {isa = PBXBuildFile; fileRef = E72EDDBB2871918A000250C6 /* Assets.xcassets */; };
		E72EDDBF2871918A000250C6 /* Preview Assets.xcassets in Resources */ = {isa = PBXBuildFile; fileRef = E72EDDBE2871918A000250C6 /* Preview Assets.xcassets */; };
		E72EDDC728719569000250C6 /* LocationManager.swift in Sources */ = {isa = PBXBuildFile; fileRef = E72EDDC628719569000250C6 /* LocationManager.swift */; };
		E72EDDCA2871993D000250C6 /* WelcomeView.swift in Sources */ = {isa = PBXBuildFile; fileRef = E72EDDC92871993D000250C6 /* WelcomeView.swift */; };
		E72EDDCC2871A6AB000250C6 /* LoadingView.swift in Sources */ = {isa = PBXBuildFile; fileRef = E72EDDCB2871A6AB000250C6 /* LoadingView.swift */; };
		E7E2E21D2871B3C400676126 /* WeatherManager.swift in Sources */ = {isa = PBXBuildFile; fileRef = E7E2E21C2871B3C400676126 /* WeatherManager.swift */; };
		E7E2E21F2871BE5E00676126 /* ModelData.swift in Sources */ = {isa = PBXBuildFile; fileRef = E7E2E21E2871BE5E00676126 /* ModelData.swift */; };
		E7E2E2212871BEA200676126 /* WeatherData.json in Resources */ = {isa = PBXBuildFile; fileRef = E7E2E2202871BEA200676126 /* WeatherData.json */; };
		E7E2E2232871BF1400676126 /* WeatherView.swift in Sources */ = {isa = PBXBuildFile; fileRef = E7E2E2222871BF1400676126 /* WeatherView.swift */; };
		E7E2E2252871BF9800676126 /* Extensions.swift in Sources */ = {isa = PBXBuildFile; fileRef = E7E2E2242871BF9800676126 /* Extensions.swift */; };
/* End PBXBuildFile section */

/* Begin PBXFileReference section */
		E71E564B2871CB640051F9DB /* WeatherRow.swift */ = {isa = PBXFileReference; lastKnownFileType = sourcecode.swift; path = WeatherRow.swift; sourceTree = "<group>"; };
		E72EDDB428719184000250C6 /* WeatherApp.app */ = {isa = PBXFileReference; explicitFileType = wrapper.application; includeInIndex = 0; path = WeatherApp.app; sourceTree = BUILT_PRODUCTS_DIR; };
		E72EDDB728719184000250C6 /* WeatherAppApp.swift */ = {isa = PBXFileReference; lastKnownFileType = sourcecode.swift; path = WeatherAppApp.swift; sourceTree = "<group>"; };
		E72EDDB928719184000250C6 /* ContentView.swift */ = {isa = PBXFileReference; lastKnownFileType = sourcecode.swift; path = ContentView.swift; sourceTree = "<group>"; };
		E72EDDBB2871918A000250C6 /* Assets.xcassets */ = {isa = PBXFileReference; lastKnownFileType = folder.assetcatalog; path = Assets.xcassets; sourceTree = "<group>"; };
		E72EDDBE2871918A000250C6 /* Preview Assets.xcassets */ = {isa = PBXFileReference; lastKnownFileType = folder.assetcatalog; path = "Preview Assets.xcassets"; sourceTree = "<group>"; };
		E72EDDC628719569000250C6 /* LocationManager.swift */ = {isa = PBXFileReference; lastKnownFileType = sourcecode.swift; path = LocationManager.swift; sourceTree = "<group>"; };
		E72EDDC92871993D000250C6 /* WelcomeView.swift */ = {isa = PBXFileReference; lastKnownFileType = sourcecode.swift; path = WelcomeView.swift; sourceTree = "<group>"; };
		E72EDDCB2871A6AB000250C6 /* LoadingView.swift */ = {isa = PBXFileReference; lastKnownFileType = sourcecode.swift; path = LoadingView.swift; sourceTree = "<group>"; };
		E7E2E21C2871B3C400676126 /* WeatherManager.swift */ = {isa = PBXFileReference; lastKnownFileType = sourcecode.swift; path = WeatherManager.swift; sourceTree = "<group>"; };
		E7E2E21E2871BE5E00676126 /* ModelData.swift */ = {isa = PBXFileReference; lastKnownFileType = sourcecode.swift; path = ModelData.swift; sourceTree = "<group>"; };
		E7E2E2202871BEA200676126 /* WeatherData.json */ = {isa = PBXFileReference; lastKnownFileType = text.json; path = WeatherData.json; sourceTree = "<group>"; };
		E7E2E2222871BF1400676126 /* WeatherView.swift */ = {isa = PBXFileReference; lastKnownFileType = sourcecode.swift; path = WeatherView.swift; sourceTree = "<group>"; };
		E7E2E2242871BF9800676126 /* Extensions.swift */ = {isa = PBXFileReference; lastKnownFileType = sourcecode.swift; path = Extensions.swift; sourceTree = "<group>"; };
/* End PBXFileReference section */

/* Begin PBXFrameworksBuildPhase section */
		E72EDDB128719184000250C6 /* Frameworks */ = {
			isa = PBXFrameworksBuildPhase;
			buildActionMask = 2147483647;
			files = (
			);
			runOnlyForDeploymentPostprocessing = 0;
		};
/* End PBXFrameworksBuildPhase section */

/* Begin PBXGroup section */
		E71E564A2871CB460051F9DB /* Components */ = {
			isa = PBXGroup;
			children = (
				E71E564B2871CB640051F9DB /* WeatherRow.swift */,
			);
			path = Components;
			sourceTree = "<group>";
		};
		E72EDDAB28719184000250C6 = {
			isa = PBXGroup;
			children = (
				E72EDDB628719184000250C6 /* WeatherApp */,
				E72EDDB528719184000250C6 /* Products */,
			);
			sourceTree = "<group>";
		};
		E72EDDB528719184000250C6 /* Products */ = {
			isa = PBXGroup;
			children = (
				E72EDDB428719184000250C6 /* WeatherApp.app */,
			);
			name = Products;
			sourceTree = "<group>";
		};
		E72EDDB628719184000250C6 /* WeatherApp */ = {
			isa = PBXGroup;
			children = (
				E71E564A2871CB460051F9DB /* Components */,
				E72EDDB728719184000250C6 /* WeatherAppApp.swift */,
				E72EDDC52871952C000250C6 /* Managers */,
				E72EDDC82871989F000250C6 /* Views */,
				E7E2E2242871BF9800676126 /* Extensions.swift */,
				E72EDDBB2871918A000250C6 /* Assets.xcassets */,
				E72EDDBD2871918A000250C6 /* Preview Content */,
			);
			path = WeatherApp;
			sourceTree = "<group>";
		};
		E72EDDBD2871918A000250C6 /* Preview Content */ = {
			isa = PBXGroup;
			children = (
				E72EDDBE2871918A000250C6 /* Preview Assets.xcassets */,
				E7E2E21E2871BE5E00676126 /* ModelData.swift */,
				E7E2E2202871BEA200676126 /* WeatherData.json */,
			);
			path = "Preview Content";
			sourceTree = "<group>";
		};
		E72EDDC52871952C000250C6 /* Managers */ = {
			isa = PBXGroup;
			children = (
				E72EDDC628719569000250C6 /* LocationManager.swift */,
				E7E2E21C2871B3C400676126 /* WeatherManager.swift */,
			);
			path = Managers;
			sourceTree = "<group>";
		};
		E72EDDC82871989F000250C6 /* Views */ = {
			isa = PBXGroup;
			children = (
				E72EDDB928719184000250C6 /* ContentView.swift */,
				E72EDDC92871993D000250C6 /* WelcomeView.swift */,
				E72EDDCB2871A6AB000250C6 /* LoadingView.swift */,
				E7E2E2222871BF1400676126 /* WeatherView.swift */,
			);
			path = Views;
			sourceTree = "<group>";
		};
/* End PBXGroup section */

/* Begin PBXNativeTarget section */
		E72EDDB328719184000250C6 /* WeatherApp */ = {
			isa = PBXNativeTarget;
			buildConfigurationList = E72EDDC22871918A000250C6 /* Build configuration list for PBXNativeTarget "WeatherApp" */;
			buildPhases = (
				E72EDDB028719184000250C6 /* Sources */,
				E72EDDB128719184000250C6 /* Frameworks */,
				E72EDDB228719184000250C6 /* Resources */,
			);
			buildRules = (
			);
			dependencies = (
			);
			name = WeatherApp;
			productName = WeatherApp;
			productReference = E72EDDB428719184000250C6 /* WeatherApp.app */;
			productType = "com.apple.product-type.application";
		};
/* End PBXNativeTarget section */

/* Begin PBXProject section */
		E72EDDAC28719184000250C6 /* Project object */ = {
			isa = PBXProject;
			attributes = {
				BuildIndependentTargetsInParallel = 1;
				LastSwiftUpdateCheck = 1340;
				LastUpgradeCheck = 1340;
				TargetAttributes = {
					E72EDDB328719184000250C6 = {
						CreatedOnToolsVersion = 13.4.1;
					};
				};
			};
			buildConfigurationList = E72EDDAF28719184000250C6 /* Build configuration list for PBXProject "WeatherApp" */;
			compatibilityVersion = "Xcode 13.0";
			developmentRegion = en;
			hasScannedForEncodings = 0;
			knownRegions = (
				en,
				Base,
			);
			mainGroup = E72EDDAB28719184000250C6;
			productRefGroup = E72EDDB528719184000250C6 /* Products */;
			projectDirPath = "";
			projectRoot = "";
			targets = (
				E72EDDB328719184000250C6 /* WeatherApp */,
			);
		};
/* End PBXProject section */

/* Begin PBXResourcesBuildPhase section */
		E72EDDB228719184000250C6 /* Resources */ = {
			isa = PBXResourcesBuildPhase;
			buildActionMask = 2147483647;
			files = (
				E7E2E2212871BEA200676126 /* WeatherData.json in Resources */,
				E72EDDBF2871918A000250C6 /* Preview Assets.xcassets in Resources */,
				E72EDDBC2871918A000250C6 /* Assets.xcassets in Resources */,
			);
			runOnlyForDeploymentPostprocessing = 0;
		};
/* End PBXResourcesBuildPhase section */

/* Begin PBXSourcesBuildPhase section */
		E72EDDB028719184000250C6 /* Sources */ = {
			isa = PBXSourcesBuildPhase;
			buildActionMask = 2147483647;
			files = (
				E7E2E21D2871B3C400676126 /* WeatherManager.swift in Sources */,
				E7E2E2252871BF9800676126 /* Extensions.swift in Sources */,
				E72EDDBA28719184000250C6 /* ContentView.swift in Sources */,
				E72EDDB828719184000250C6 /* WeatherAppApp.swift in Sources */,
				E72EDDC728719569000250C6 /* LocationManager.swift in Sources */,
				E71E564C2871CB640051F9DB /* WeatherRow.swift in Sources */,
				E72EDDCC2871A6AB000250C6 /* LoadingView.swift in Sources */,
				E72EDDCA2871993D000250C6 /* WelcomeView.swift in Sources */,
				E7E2E21F2871BE5E00676126 /* ModelData.swift in Sources */,
				E7E2E2232871BF1400676126 /* WeatherView.swift in Sources */,
			);
			runOnlyForDeploymentPostprocessing = 0;
		};
/* End PBXSourcesBuildPhase section */

/* Begin XCBuildConfiguration section */
		E72EDDC02871918A000250C6 /* Debug */ = {
			isa = XCBuildConfiguration;
			buildSettings = {
				ALWAYS_SEARCH_USER_PATHS = NO;
				CLANG_ANALYZER_NONNULL = YES;
				CLANG_ANALYZER_NUMBER_OBJECT_CONVERSION = YES_AGGRESSIVE;
				CLANG_CXX_LANGUAGE_STANDARD = "gnu++17";
				CLANG_ENABLE_MODULES = YES;
				CLANG_ENABLE_OBJC_ARC = YES;
				CLANG_ENABLE_OBJC_WEAK = YES;
				CLANG_WARN_BLOCK_CAPTURE_AUTORELEASING = YES;
				CLANG_WARN_BOOL_CONVERSION = YES;
				CLANG_WARN_COMMA = YES;
				CLANG_WARN_CONSTANT_CONVERSION = YES;
				CLANG_WARN_DEPRECATED_OBJC_IMPLEMENTATIONS = YES;
				CLANG_WARN_DIRECT_OBJC_ISA_USAGE = YES_ERROR;
				CLANG_WARN_DOCUMENTATION_COMMENTS = YES;
				CLANG_WARN_EMPTY_BODY = YES;
				CLANG_WARN_ENUM_CONVERSION = YES;
				CLANG_WARN_INFINITE_RECURSION = YES;
				CLANG_WARN_INT_CONVERSION = YES;
				CLANG_WARN_NON_LITERAL_NULL_CONVERSION = YES;
				CLANG_WARN_OBJC_IMPLICIT_RETAIN_SELF = YES;
				CLANG_WARN_OBJC_LITERAL_CONVERSION = YES;
				CLANG_WARN_OBJC_ROOT_CLASS = YES_ERROR;
				CLANG_WARN_QUOTED_INCLUDE_IN_FRAMEWORK_HEADER = YES;
				CLANG_WARN_RANGE_LOOP_ANALYSIS = YES;
				CLANG_WARN_STRICT_PROTOTYPES = YES;
				CLANG_WARN_SUSPICIOUS_MOVE = YES;
				CLANG_WARN_UNGUARDED_AVAILABILITY = YES_AGGRESSIVE;
				CLANG_WARN_UNREACHABLE_CODE = YES;
				CLANG_WARN__DUPLICATE_METHOD_MATCH = YES;
				COPY_PHASE_STRIP = NO;
				DEBUG_INFORMATION_FORMAT = dwarf;
				ENABLE_STRICT_OBJC_MSGSEND = YES;
				ENABLE_TESTABILITY = YES;
				GCC_C_LANGUAGE_STANDARD = gnu11;
				GCC_DYNAMIC_NO_PIC = NO;
				GCC_NO_COMMON_BLOCKS = YES;
				GCC_OPTIMIZATION_LEVEL = 0;
				GCC_PREPROCESSOR_DEFINITIONS = (
					"DEBUG=1",
					"$(inherited)",
				);
				GCC_WARN_64_TO_32_BIT_CONVERSION = YES;
				GCC_WARN_ABOUT_RETURN_TYPE = YES_ERROR;
				GCC_WARN_UNDECLARED_SELECTOR = YES;
				GCC_WARN_UNINITIALIZED_AUTOS = YES_AGGRESSIVE;
				GCC_WARN_UNUSED_FUNCTION = YES;
				GCC_WARN_UNUSED_VARIABLE = YES;
				IPHONEOS_DEPLOYMENT_TARGET = 15.5;
				MTL_ENABLE_DEBUG_INFO = INCLUDE_SOURCE;
				MTL_FAST_MATH = YES;
				ONLY_ACTIVE_ARCH = YES;
				SDKROOT = iphoneos;
				SWIFT_ACTIVE_COMPILATION_CONDITIONS = DEBUG;
				SWIFT_OPTIMIZATION_LEVEL = "-Onone";
			};
			name = Debug;
		};
		E72EDDC12871918A000250C6 /* Release */ = {
			isa = XCBuildConfiguration;
			buildSettings = {
				ALWAYS_SEARCH_USER_PATHS = NO;
				CLANG_ANALYZER_NONNULL = YES;
				CLANG_ANALYZER_NUMBER_OBJECT_CONVERSION = YES_AGGRESSIVE;
				CLANG_CXX_LANGUAGE_STANDARD = "gnu++17";
				CLANG_ENABLE_MODULES = YES;
				CLANG_ENABLE_OBJC_ARC = YES;
				CLANG_ENABLE_OBJC_WEAK = YES;
				CLANG_WARN_BLOCK_CAPTURE_AUTORELEASING = YES;
				CLANG_WARN_BOOL_CONVERSION = YES;
				CLANG_WARN_COMMA = YES;
				CLANG_WARN_CONSTANT_CONVERSION = YES;
				CLANG_WARN_DEPRECATED_OBJC_IMPLEMENTATIONS = YES;
				CLANG_WARN_DIRECT_OBJC_ISA_USAGE = YES_ERROR;
				CLANG_WARN_DOCUMENTATION_COMMENTS = YES;
				CLANG_WARN_EMPTY_BODY = YES;
				CLANG_WARN_ENUM_CONVERSION = YES;
				CLANG_WARN_INFINITE_RECURSION = YES;
				CLANG_WARN_INT_CONVERSION = YES;
				CLANG_WARN_NON_LITERAL_NULL_CONVERSION = YES;
				CLANG_WARN_OBJC_IMPLICIT_RETAIN_SELF = YES;
				CLANG_WARN_OBJC_LITERAL_CONVERSION = YES;
				CLANG_WARN_OBJC_ROOT_CLASS = YES_ERROR;
				CLANG_WARN_QUOTED_INCLUDE_IN_FRAMEWORK_HEADER = YES;
				CLANG_WARN_RANGE_LOOP_ANALYSIS = YES;
				CLANG_WARN_STRICT_PROTOTYPES = YES;
				CLANG_WARN_SUSPICIOUS_MOVE = YES;
				CLANG_WARN_UNGUARDED_AVAILABILITY = YES_AGGRESSIVE;
				CLANG_WARN_UNREACHABLE_CODE = YES;
				CLANG_WARN__DUPLICATE_METHOD_MATCH = YES;
				COPY_PHASE_STRIP = NO;
				DEBUG_INFORMATION_FORMAT = "dwarf-with-dsym";
				ENABLE_NS_ASSERTIONS = NO;
				ENABLE_STRICT_OBJC_MSGSEND = YES;
				GCC_C_LANGUAGE_STANDARD = gnu11;
				GCC_NO_COMMON_BLOCKS = YES;
				GCC_WARN_64_TO_32_BIT_CONVERSION = YES;
				GCC_WARN_ABOUT_RETURN_TYPE = YES_ERROR;
				GCC_WARN_UNDECLARED_SELECTOR = YES;
				GCC_WARN_UNINITIALIZED_AUTOS = YES_AGGRESSIVE;
				GCC_WARN_UNUSED_FUNCTION = YES;
				GCC_WARN_UNUSED_VARIABLE = YES;
				IPHONEOS_DEPLOYMENT_TARGET = 15.5;
				MTL_ENABLE_DEBUG_INFO = NO;
				MTL_FAST_MATH = YES;
				SDKROOT = iphoneos;
				SWIFT_COMPILATION_MODE = wholemodule;
				SWIFT_OPTIMIZATION_LEVEL = "-O";
				VALIDATE_PRODUCT = YES;
			};
			name = Release;
		};
		E72EDDC32871918A000250C6 /* Debug */ = {
			isa = XCBuildConfiguration;
			buildSettings = {
				ASSETCATALOG_COMPILER_APPICON_NAME = AppIcon;
				ASSETCATALOG_COMPILER_GLOBAL_ACCENT_COLOR_NAME = AccentColor;
				CODE_SIGN_STYLE = Automatic;
				CURRENT_PROJECT_VERSION = 1;
				DEVELOPMENT_ASSET_PATHS = "\"WeatherApp/Preview Content\"";
				DEVELOPMENT_TEAM = XUNA66GYSC;
				ENABLE_PREVIEWS = YES;
				GENERATE_INFOPLIST_FILE = YES;
				INFOPLIST_KEY_UIApplicationSceneManifest_Generation = YES;
				INFOPLIST_KEY_UIApplicationSupportsIndirectInputEvents = YES;
				INFOPLIST_KEY_UILaunchScreen_Generation = YES;
				INFOPLIST_KEY_UISupportedInterfaceOrientations_iPad = "UIInterfaceOrientationPortrait UIInterfaceOrientationPortraitUpsideDown UIInterfaceOrientationLandscapeLeft UIInterfaceOrientationLandscapeRight";
				INFOPLIST_KEY_UISupportedInterfaceOrientations_iPhone = "UIInterfaceOrientationPortrait UIInterfaceOrientationLandscapeLeft UIInterfaceOrientationLandscapeRight";
				LD_RUNPATH_SEARCH_PATHS = (
					"$(inherited)",
					"@executable_path/Frameworks",
				);
				MARKETING_VERSION = 1.0;
				PRODUCT_BUNDLE_IDENTIFIER = Nawaf.WeatherApp;
				PRODUCT_NAME = "$(TARGET_NAME)";
				SWIFT_EMIT_LOC_STRINGS = YES;
				SWIFT_VERSION = 5.0;
				TARGETED_DEVICE_FAMILY = "1,2";
			};
			name = Debug;
		};
		E72EDDC42871918A000250C6 /* Release */ = {
			isa = XCBuildConfiguration;
			buildSettings = {
				ASSETCATALOG_COMPILER_APPICON_NAME = AppIcon;
				ASSETCATALOG_COMPILER_GLOBAL_ACCENT_COLOR_NAME = AccentColor;
				CODE_SIGN_STYLE = Automatic;
				CURRENT_PROJECT_VERSION = 1;
				DEVELOPMENT_ASSET_PATHS = "\"WeatherApp/Preview Content\"";
				DEVELOPMENT_TEAM = XUNA66GYSC;
				ENABLE_PREVIEWS = YES;
				GENERATE_INFOPLIST_FILE = YES;
				INFOPLIST_KEY_UIApplicationSceneManifest_Generation = YES;
				INFOPLIST_KEY_UIApplicationSupportsIndirectInputEvents = YES;
				INFOPLIST_KEY_UILaunchScreen_Generation = YES;
				INFOPLIST_KEY_UISupportedInterfaceOrientations_iPad = "UIInterfaceOrientationPortrait UIInterfaceOrientationPortraitUpsideDown UIInterfaceOrientationLandscapeLeft UIInterfaceOrientationLandscapeRight";
				INFOPLIST_KEY_UISupportedInterfaceOrientations_iPhone = "UIInterfaceOrientationPortrait UIInterfaceOrientationLandscapeLeft UIInterfaceOrientationLandscapeRight";
				LD_RUNPATH_SEARCH_PATHS = (
					"$(inherited)",
					"@executable_path/Frameworks",
				);
				MARKETING_VERSION = 1.0;
				PRODUCT_BUNDLE_IDENTIFIER = Nawaf.WeatherApp;
				PRODUCT_NAME = "$(TARGET_NAME)";
				SWIFT_EMIT_LOC_STRINGS = YES;
				SWIFT_VERSION = 5.0;
				TARGETED_DEVICE_FAMILY = "1,2";
			};
			name = Release;
		};
/* End XCBuildConfiguration section */

/* Begin XCConfigurationList section */
		E72EDDAF28719184000250C6 /* Build configuration list for PBXProject "WeatherApp" */ = {
			isa = XCConfigurationList;
			buildConfigurations = (
				E72EDDC02871918A000250C6 /* Debug */,
				E72EDDC12871918A000250C6 /* Release */,
			);
			defaultConfigurationIsVisible = 0;
			defaultConfigurationName = Release;
		};
		E72EDDC22871918A000250C6 /* Build configuration list for PBXNativeTarget "WeatherApp" */ = {
			isa = XCConfigurationList;
			buildConfigurations = (
				E72EDDC32871918A000250C6 /* Debug */,
				E72EDDC42871918A000250C6 /* Release */,
			);
			defaultConfigurationIsVisible = 0;
			defaultConfigurationName = Release;
		};
/* End XCConfigurationList section */
	};
	rootObject = E72EDDAC28719184000250C6 /* Project object */;
}
